
Microsoft Visual Studio Solution File, Format Version 12.00
# Visual Studio 15
VisualStudioVersion = 15.0.27703.2042
MinimumVisualStudioVersion = 10.0.40219.1
Project("{FAE04EC0-301F-11D3-BF4B-00C04F79EFBC}") = "Week1_Capstone", "Week1_Capstone\Week1_Capstone.csproj", "{1713A46B-BA7B-435D-ACDF-79873BF93AE3}"
EndProject
Global
	GlobalSection(SolutionConfigurationPlatforms) = preSolution
		Debug|Any CPU = Debug|Any CPU
		Release|Any CPU = Release|Any CPU
	EndGlobalSection
	GlobalSection(ProjectConfigurationPlatforms) = postSolution
		{1713A46B-BA7B-435D-ACDF-79873BF93AE3}.Debug|Any CPU.ActiveCfg = Debug|Any CPU
		{1713A46B-BA7B-435D-ACDF-79873BF93AE3}.Debug|Any CPU.Build.0 = Debug|Any CPU
		{1713A46B-BA7B-435D-ACDF-79873BF93AE3}.Release|Any CPU.ActiveCfg = Release|Any CPU
		{1713A46B-BA7B-435D-ACDF-79873BF93AE3}.Release|Any CPU.Build.0 = Release|Any CPU
	EndGlobalSection
	GlobalSection(SolutionProperties) = preSolution
		HideSolutionNode = FALSE
	EndGlobalSection
	GlobalSection(ExtensibilityGlobals) = postSolution
		SolutionGuid = {479E819B-A4DF-4E28-A57F-952A28B5B717}
	EndGlobalSection
EndGlobal
